{
  "nodes": {
    "home-manager": {
      "inputs": {
        "nixpkgs": [
          "nixpkgs"
        ]
      },
      "locked": {
        "lastModified": 1719180626,
        "narHash": "sha256-vZAzm5KQpR6RGple1dzmSJw5kPivES2heCFM+ZWkt0I=",
        "owner": "nix-community",
        "repo": "home-manager",
        "rev": "6b1f90a8ff92e81638ae6eb48cd62349c3e387bb",
        "type": "github"
      },
      "original": {
        "owner": "nix-community",
        "repo": "home-manager",
        "type": "github"
      }
    },
    "nixpkgs": {
      "locked": {
        "lastModified": 1719075281,
        "narHash": "sha256-CyyxvOwFf12I91PBWz43iGT1kjsf5oi6ax7CrvaMyAo=",
        "owner": "nixos",
        "repo": "nixpkgs",
        "rev": "a71e967ef3694799d0c418c98332f7ff4cc5f6af",
        "type": "github"
      },
      "original": {
        "owner": "nixos",
        "ref": "nixos-unstable",
        "repo": "nixpkgs",
        "type": "github"
      }
    },
    "nixpkgs-stable": {
      "locked": {
        "lastModified": 1719099622,
        "narHash": "sha256-YzJECAxFt+U5LPYf/pCwW/e1iUd2PF21WITHY9B/BAs=",
        "owner": "NixOS",
        "repo": "nixpkgs",
        "rev": "5e8e3b89adbd0be63192f6e645e0a54080004924",
        "type": "github"
      },
      "original": {
        "owner": "NixOS",
        "ref": "release-23.11",
        "repo": "nixpkgs",
        "type": "github"
      }
    },
    "root": {
      "inputs": {
        "home-manager": "home-manager",
        "nixpkgs": "nixpkgs",
        "sops-nix": "sops-nix"
      }
    },
    "sops-nix": {
      "inputs": {
        "nixpkgs": [
          "nixpkgs"
        ],
        "nixpkgs-stable": "nixpkgs-stable"
      },
      "locked": {
        "lastModified": 1719268571,
        "narHash": "sha256-pcUk2Fg5vPXLUEnFI97qaB8hto/IToRfqskFqsjvjb8=",
        "owner": "Mic92",
        "repo": "sops-nix",
        "rev": "c2ea1186c0cbfa4d06d406ae50f3e4b085ddc9b3",
        "type": "github"
      },
      "original": {
        "owner": "Mic92",
        "repo": "sops-nix",
        "type": "github"
      }
    }
  },
  "root": "root",
  "version": 7
}
